
Microsoft Visual Studio Solution File, Format Version 12.00
# Visual Studio Version 17
VisualStudioVersion = 17.0.32112.339
MinimumVisualStudioVersion = 10.0.40219.1
Project("{FAE04EC0-301F-11D3-BF4B-00C04F79EFBC}") = "Film_Arsivi", "Film_Arsivi\Film_Arsivi.csproj", "{E3E2B91A-38EB-4169-951F-521CE544AC65}"
EndProject
Global
	GlobalSection(SolutionConfigurationPlatforms) = preSolution
		Debug|Any CPU = Debug|Any CPU
		Release|Any CPU = Release|Any CPU
	EndGlobalSection
	GlobalSection(ProjectConfigurationPlatforms) = postSolution
		{E3E2B91A-38EB-4169-951F-521CE544AC65}.Debug|Any CPU.ActiveCfg = Debug|Any CPU
		{E3E2B91A-38EB-4169-951F-521CE544AC65}.Debug|Any CPU.Build.0 = Debug|Any CPU
		{E3E2B91A-38EB-4169-951F-521CE544AC65}.Release|Any CPU.ActiveCfg = Release|Any CPU
		{E3E2B91A-38EB-4169-951F-521CE544AC65}.Release|Any CPU.Build.0 = Release|Any CPU
	EndGlobalSection
	GlobalSection(SolutionProperties) = preSolution
		HideSolutionNode = FALSE
	EndGlobalSection
	GlobalSection(ExtensibilityGlobals) = postSolution
		SolutionGuid = {14C4BFD8-8AC2-4151-85DD-DFE575A781E0}
	EndGlobalSection
EndGlobal
